
Microsoft Visual Studio Solution File, Format Version 12.00
# Visual Studio Version 17
VisualStudioVersion = 17.0.31903.59
MinimumVisualStudioVersion = 10.0.40219.1
Project("{FAE04EC0-301F-11D3-BF4B-00C04F79EFBC}") = "Application", "src\Application\Application.csproj", "{1F448517-17A3-4935-905E-110B3FD02F7B}"
EndProject
Project("{FAE04EC0-301F-11D3-BF4B-00C04F79EFBC}") = "Domain", "src\Domain\Domain.csproj", "{546FAE6A-67EB-4301-A36C-669B18DF2163}"
EndProject
Project("{FAE04EC0-301F-11D3-BF4B-00C04F79EFBC}") = "Infrastructure", "src\Infrastructure\Infrastructure.csproj", "{A3690242-668F-4F7D-9096-1082D46A493A}"
EndProject
Project("{FAE04EC0-301F-11D3-BF4B-00C04F79EFBC}") = "Application.Tests", "Application.Tests\Application.Tests.csproj", "{160CEB5E-8EF6-475B-94E9-1596EF3B9AC2}"
EndProject
Project("{2150E333-8FDC-42A3-9474-1A3956D46DE8}") = "src", "src", "{67336EF0-BA72-4DC4-B27A-ABD491AC8C2A}"
EndProject
Project("{FAE04EC0-301F-11D3-BF4B-00C04F79EFBC}") = "Cmd", "src\Cmd\Cmd.csproj", "{0FAC8BBE-40AF-4CF7-B998-B48B97D9383D}"
EndProject
Project("{2150E333-8FDC-42A3-9474-1A3956D46DE8}") = "test", "test", "{639FF3EB-D265-4058-ADBB-C3FEB836B24C}"
EndProject
Global
	GlobalSection(SolutionConfigurationPlatforms) = preSolution
		Debug|Any CPU = Debug|Any CPU
		Release|Any CPU = Release|Any CPU
	EndGlobalSection
	GlobalSection(SolutionProperties) = preSolution
		HideSolutionNode = FALSE
	EndGlobalSection
	GlobalSection(ProjectConfigurationPlatforms) = postSolution
		{1F448517-17A3-4935-905E-110B3FD02F7B}.Debug|Any CPU.ActiveCfg = Debug|Any CPU
		{1F448517-17A3-4935-905E-110B3FD02F7B}.Debug|Any CPU.Build.0 = Debug|Any CPU
		{1F448517-17A3-4935-905E-110B3FD02F7B}.Release|Any CPU.ActiveCfg = Release|Any CPU
		{1F448517-17A3-4935-905E-110B3FD02F7B}.Release|Any CPU.Build.0 = Release|Any CPU
		{546FAE6A-67EB-4301-A36C-669B18DF2163}.Debug|Any CPU.ActiveCfg = Debug|Any CPU
		{546FAE6A-67EB-4301-A36C-669B18DF2163}.Debug|Any CPU.Build.0 = Debug|Any CPU
		{546FAE6A-67EB-4301-A36C-669B18DF2163}.Release|Any CPU.ActiveCfg = Release|Any CPU
		{546FAE6A-67EB-4301-A36C-669B18DF2163}.Release|Any CPU.Build.0 = Release|Any CPU
		{A3690242-668F-4F7D-9096-1082D46A493A}.Debug|Any CPU.ActiveCfg = Debug|Any CPU
		{A3690242-668F-4F7D-9096-1082D46A493A}.Debug|Any CPU.Build.0 = Debug|Any CPU
		{A3690242-668F-4F7D-9096-1082D46A493A}.Release|Any CPU.ActiveCfg = Release|Any CPU
		{A3690242-668F-4F7D-9096-1082D46A493A}.Release|Any CPU.Build.0 = Release|Any CPU
		{160CEB5E-8EF6-475B-94E9-1596EF3B9AC2}.Debug|Any CPU.ActiveCfg = Debug|Any CPU
		{160CEB5E-8EF6-475B-94E9-1596EF3B9AC2}.Debug|Any CPU.Build.0 = Debug|Any CPU
		{160CEB5E-8EF6-475B-94E9-1596EF3B9AC2}.Release|Any CPU.ActiveCfg = Release|Any CPU
		{160CEB5E-8EF6-475B-94E9-1596EF3B9AC2}.Release|Any CPU.Build.0 = Release|Any CPU
		{0FAC8BBE-40AF-4CF7-B998-B48B97D9383D}.Debug|Any CPU.ActiveCfg = Debug|Any CPU
		{0FAC8BBE-40AF-4CF7-B998-B48B97D9383D}.Debug|Any CPU.Build.0 = Debug|Any CPU
		{0FAC8BBE-40AF-4CF7-B998-B48B97D9383D}.Release|Any CPU.ActiveCfg = Release|Any CPU
		{0FAC8BBE-40AF-4CF7-B998-B48B97D9383D}.Release|Any CPU.Build.0 = Release|Any CPU
	EndGlobalSection
	GlobalSection(NestedProjects) = preSolution
		{A3690242-668F-4F7D-9096-1082D46A493A} = {67336EF0-BA72-4DC4-B27A-ABD491AC8C2A}
		{1F448517-17A3-4935-905E-110B3FD02F7B} = {67336EF0-BA72-4DC4-B27A-ABD491AC8C2A}
		{546FAE6A-67EB-4301-A36C-669B18DF2163} = {67336EF0-BA72-4DC4-B27A-ABD491AC8C2A}
		{0FAC8BBE-40AF-4CF7-B998-B48B97D9383D} = {67336EF0-BA72-4DC4-B27A-ABD491AC8C2A}
		{160CEB5E-8EF6-475B-94E9-1596EF3B9AC2} = {639FF3EB-D265-4058-ADBB-C3FEB836B24C}
	EndGlobalSection
EndGlobal
